
Microsoft Visual Studio Solution File, Format Version 12.00
# Visual Studio 2015
Project("{FAE04EC0-301F-11D3-BF4B-00C04F79EFBC}") = "TestFu.Plugins", "TestFu.Plugins.csproj", "{5CDBA47D-FE5E-4D51-333A-4EF3072D172A}"
EndProject
Project("{FAE04EC0-301F-11D3-BF4B-00C04F79EFBC}") = "TestFu.Editor", "TestFu.Editor.csproj", "{DB93B22B-1291-CD2B-DDDA-451D342BA9A9}"
EndProject
Global
	GlobalSection(SolutionConfigurationPlatforms) = preSolution
		Debug|Any CPU = Debug|Any CPU
		Release|Any CPU = Release|Any CPU
	EndGlobalSection
	GlobalSection(ProjectConfigurationPlatforms) = postSolution
		{5CDBA47D-FE5E-4D51-333A-4EF3072D172A}.Debug|Any CPU.ActiveCfg = Debug|Any CPU
		{5CDBA47D-FE5E-4D51-333A-4EF3072D172A}.Debug|Any CPU.Build.0 = Debug|Any CPU
		{5CDBA47D-FE5E-4D51-333A-4EF3072D172A}.Release|Any CPU.ActiveCfg = Release|Any CPU
		{5CDBA47D-FE5E-4D51-333A-4EF3072D172A}.Release|Any CPU.Build.0 = Release|Any CPU
		{DB93B22B-1291-CD2B-DDDA-451D342BA9A9}.Debug|Any CPU.ActiveCfg = Debug|Any CPU
		{DB93B22B-1291-CD2B-DDDA-451D342BA9A9}.Debug|Any CPU.Build.0 = Debug|Any CPU
		{DB93B22B-1291-CD2B-DDDA-451D342BA9A9}.Release|Any CPU.ActiveCfg = Release|Any CPU
		{DB93B22B-1291-CD2B-DDDA-451D342BA9A9}.Release|Any CPU.Build.0 = Release|Any CPU
	EndGlobalSection
	GlobalSection(SolutionProperties) = preSolution
		HideSolutionNode = FALSE
	EndGlobalSection
EndGlobal
